{
    "_readme": [
        "This file locks the dependencies of your project to a known state",
        "Read more about it at https://getcomposer.org/doc/01-basic-usage.md#composer-lock-the-lock-file",
        "This file is @generated automatically"
    ],
    "hash": "26c40a0c9e6e904034a921bbcc03933c",
    "content-hash": "76c208e50bb65bceafc622386e949107",
    "packages": [
        {
            "name": "nette/caching",
            "version": "v2.4.3",
            "source": {
                "type": "git",
                "url": "https://github.com/nette/caching.git",
                "reference": "f60c1767fe5a4b2b45edf2a98cf9dc70c15ea1b1"
            },
            "dist": {
                "type": "zip",
                "url": "https://api.github.com/repos/nette/caching/zipball/f60c1767fe5a4b2b45edf2a98cf9dc70c15ea1b1",
                "reference": "f60c1767fe5a4b2b45edf2a98cf9dc70c15ea1b1",
                "shasum": ""
            },
            "require": {
                "nette/finder": "~2.2",
                "nette/utils": "~2.2",
                "php": ">=5.4.4"
            },
            "conflict": {
                "nette/nette": "<2.2"
            },
            "require-dev": {
                "latte/latte": "~2.3.0",
                "nette/di": "~2.3",
                "nette/tester": "~1.6"
            },
            "type": "library",
            "extra": {
                "branch-alias": {
                    "dev-master": "2.4-dev"
                }
            },
            "autoload": {
                "classmap": [
                    "src/"
                ]
            },
            "notification-url": "https://packagist.org/downloads/",
            "license": [
                "BSD-3-Clause",
                "GPL-2.0",
                "GPL-3.0"
            ],
            "authors": [
                {
                    "name": "David Grudl",
                    "homepage": "https://davidgrudl.com"
                },
                {
                    "name": "Nette Community",
                    "homepage": "https://nette.org/contributors"
                }
            ],
            "description": "Nette Caching Component",
            "homepage": "https://nette.org",
            "time": "2015-11-29 21:35:25"
        },
        {
            "name": "nette/database",
            "version": "v2.3.8",
            "source": {
                "type": "git",
                "url": "https://github.com/nette/database.git",
                "reference": "1e12005c73411cade4691ca8e1c3b96c1d09a05e"
            },
            "dist": {
                "type": "zip",
                "url": "https://api.github.com/repos/nette/database/zipball/1e12005c73411cade4691ca8e1c3b96c1d09a05e",
                "reference": "1e12005c73411cade4691ca8e1c3b96c1d09a05e",
                "shasum": ""
            },
            "require": {
                "ext-pdo": "*",
                "nette/caching": "^2.2",
                "nette/utils": "^2.3.5",
                "php": ">=5.3.1"
            },
            "conflict": {
                "nette/nette": "<2.2"
            },
            "require-dev": {
                "mockery/mockery": "^0.9.1",
                "nette/di": "^2.3",
                "nette/tester": "^1.3"
            },
            "type": "library",
            "autoload": {
                "classmap": [
                    "src/"
                ]
            },
            "notification-url": "https://packagist.org/downloads/",
            "license": [
                "BSD-3-Clause",
                "GPL-2.0",
                "GPL-3.0"
            ],
            "authors": [
                {
                    "name": "David Grudl",
                    "homepage": "https://davidgrudl.com"
                },
                {
                    "name": "Nette Community",
                    "homepage": "https://nette.org/contributors"
                }
            ],
            "description": "Nette Database Component",
            "homepage": "https://nette.org",
            "time": "2015-12-03 02:24:48"
        },
        {
            "name": "nette/finder",
            "version": "v2.3.1",
            "source": {
                "type": "git",
                "url": "https://github.com/nette/finder.git",
                "reference": "38f803a03f4cddf352e28af70294c71f7026e516"
            },
            "dist": {
                "type": "zip",
                "url": "https://api.github.com/repos/nette/finder/zipball/38f803a03f4cddf352e28af70294c71f7026e516",
                "reference": "38f803a03f4cddf352e28af70294c71f7026e516",
                "shasum": ""
            },
            "require": {
                "nette/utils": "~2.2",
                "php": ">=5.3.1"
            },
            "conflict": {
                "nette/nette": "<2.2"
            },
            "require-dev": {
                "nette/tester": "~1.4"
            },
            "type": "library",
            "autoload": {
                "classmap": [
                    "src/"
                ]
            },
            "notification-url": "https://packagist.org/downloads/",
            "license": [
                "BSD-3-Clause",
                "GPL-2.0",
                "GPL-3.0"
            ],
            "authors": [
                {
                    "name": "David Grudl",
                    "homepage": "http://davidgrudl.com"
                },
                {
                    "name": "Nette Community",
                    "homepage": "http://nette.org/contributors"
                }
            ],
            "description": "Nette Finder: Files Searching",
            "homepage": "http://nette.org",
            "time": "2015-07-11 21:13:50"
        },
        {
            "name": "nette/utils",
            "version": "v2.3.7",
            "source": {
                "type": "git",
                "url": "https://github.com/nette/utils.git",
                "reference": "6f1ed73088c28a24acc9657ca14b3418a270e24b"
            },
            "dist": {
                "type": "zip",
                "url": "https://api.github.com/repos/nette/utils/zipball/6f1ed73088c28a24acc9657ca14b3418a270e24b",
                "reference": "6f1ed73088c28a24acc9657ca14b3418a270e24b",
                "shasum": ""
            },
            "require": {
                "php": ">=5.3.1"
            },
            "conflict": {
                "nette/nette": "<2.2"
            },
            "require-dev": {
                "nette/tester": "~1.0"
            },
            "suggest": {
                "ext-gd": "to use Image",
                "ext-iconv": "to use Strings::webalize() and toAscii()",
                "ext-intl": "for script transliteration in Strings::webalize() and toAscii()",
                "ext-mbstring": "to use Strings::lower() etc..."
            },
            "type": "library",
            "autoload": {
                "classmap": [
                    "src/"
                ]
            },
            "notification-url": "https://packagist.org/downloads/",
            "license": [
                "BSD-3-Clause",
                "GPL-2.0",
                "GPL-3.0"
            ],
            "authors": [
                {
                    "name": "David Grudl",
                    "homepage": "https://davidgrudl.com"
                },
                {
                    "name": "Nette Community",
                    "homepage": "https://nette.org/contributors"
                }
            ],
            "description": "Nette Utility Classes",
            "homepage": "https://nette.org",
            "time": "2015-11-30 00:11:35"
        },
        {
            "name": "tracy/tracy",
            "version": "v2.3.7",
            "source": {
                "type": "git",
                "url": "https://github.com/nette/tracy.git",
                "reference": "eddb369f320b86fe37838bbbfb12d79ddd21d134"
            },
            "dist": {
                "type": "zip",
                "url": "https://api.github.com/repos/nette/tracy/zipball/eddb369f320b86fe37838bbbfb12d79ddd21d134",
                "reference": "eddb369f320b86fe37838bbbfb12d79ddd21d134",
                "shasum": ""
            },
            "require": {
                "php": ">=5.3.1"
            },
            "require-dev": {
                "nette/di": "~2.3",
                "nette/tester": "~1.3"
            },
            "type": "library",
            "autoload": {
                "classmap": [
                    "src"
                ],
                "files": [
                    "src/shortcuts.php"
                ]
            },
            "notification-url": "https://packagist.org/downloads/",
            "license": [
                "BSD-3-Clause",
                "GPL-2.0",
                "GPL-3.0"
            ],
            "authors": [
                {
                    "name": "David Grudl",
                    "homepage": "https://davidgrudl.com"
                },
                {
                    "name": "Nette Community",
                    "homepage": "https://nette.org/contributors"
                }
            ],
            "description": "Tracy: useful PHP debugger",
            "homepage": "https://tracy.nette.org",
            "keywords": [
                "debug",
                "debugger",
                "nette"
            ],
            "time": "2015-11-30 00:50:47"
        }
    ],
    "packages-dev": [],
    "aliases": [],
    "minimum-stability": "stable",
    "stability-flags": [],
    "prefer-stable": false,
    "prefer-lowest": false,
    "platform": [],
    "platform-dev": []
}
